Microsoft Visual Studio Solution File, Format Version 12.00
# Visual Studio Version 17
VisualStudioVersion = 17.5.2.0
MinimumVisualStudioVersion = 10.0.40219.1
Project("{2150E333-8FDC-42A3-9474-1A3956D46DE8}") = "src", "src", "{827E0CD3-B72D-47B6-A68D-7590B98EB39B}"
EndProject
Project("{FAE04EC0-301F-11D3-BF4B-00C04F79EFBC}") = "ApiGateway", "src\ApiGateway\ApiGateway.csproj", "{967A9878-9005-C8B0-725C-1F34134168DB}"
EndProject
Project("{2150E333-8FDC-42A3-9474-1A3956D46DE8}") = "Services", "Services", "{984BB9B3-3FA3-BE33-9484-CAC21695A33C}"
EndProject
Project("{2150E333-8FDC-42A3-9474-1A3956D46DE8}") = "BookingService", "BookingService", "{1E89987C-C454-31B9-514D-6C358C86171E}"
EndProject
Project("{FAE04EC0-301F-11D3-BF4B-00C04F79EFBC}") = "BookingService", "src\Services\BookingService\BookingService\BookingService.csproj", "{E4233EA6-AC23-BEFC-B34E-DA4606BFB416}"
EndProject
Project("{2150E333-8FDC-42A3-9474-1A3956D46DE8}") = "NotificationService", "NotificationService", "{47931FAB-DBE1-FD8F-0AFF-2CD4B99C52C4}"
EndProject
Project("{FAE04EC0-301F-11D3-BF4B-00C04F79EFBC}") = "NotificationService", "src\Services\NotificationService\NotificationService\NotificationService.csproj", "{D2EAEBA9-3664-2006-18B3-C26D2DE01333}"
EndProject
Project("{2150E333-8FDC-42A3-9474-1A3956D46DE8}") = "PaymentService", "PaymentService", "{40CB294E-2A2C-AA7D-5466-10F40F0DAD4F}"
EndProject
Project("{FAE04EC0-301F-11D3-BF4B-00C04F79EFBC}") = "PaymentService", "src\Services\PaymentService\PaymentService\PaymentService.csproj", "{D1048E18-B5A1-246A-A4E8-F31BE9B4B914}"
EndProject
Project("{2150E333-8FDC-42A3-9474-1A3956D46DE8}") = "PropertyService", "PropertyService", "{DEFE65A1-8458-5878-8323-44CF1A3176D4}"
EndProject
Project("{FAE04EC0-301F-11D3-BF4B-00C04F79EFBC}") = "PropertyService", "src\Services\PropertyService\PropertyService\PropertyService.csproj", "{49BEAE40-F374-A67D-54C5-EBA0E38288CC}"
EndProject
Project("{2150E333-8FDC-42A3-9474-1A3956D46DE8}") = "ReviewService", "ReviewService", "{44362903-C8A2-CA0A-C0F2-8E646E63DECD}"
EndProject
Project("{FAE04EC0-301F-11D3-BF4B-00C04F79EFBC}") = "ReviewService", "src\Services\ReviewService\ReviewService\ReviewService.csproj", "{33DE8F57-8DD5-417E-D9BE-9B1F4E23E2FE}"
EndProject
Project("{2150E333-8FDC-42A3-9474-1A3956D46DE8}") = "UserService", "UserService", "{A52FF9A7-1006-A729-7F26-021652E10080}"
EndProject
Project("{FAE04EC0-301F-11D3-BF4B-00C04F79EFBC}") = "UserService", "src\Services\UserService\UserService\UserService.csproj", "{C3934E1E-0BBB-61D9-420B-6A06C0E010F6}"
EndProject
Global
	GlobalSection(SolutionConfigurationPlatforms) = preSolution
		Debug|Any CPU = Debug|Any CPU
		Release|Any CPU = Release|Any CPU
	EndGlobalSection
	GlobalSection(ProjectConfigurationPlatforms) = postSolution
		{967A9878-9005-C8B0-725C-1F34134168DB}.Debug|Any CPU.ActiveCfg = Debug|Any CPU
		{967A9878-9005-C8B0-725C-1F34134168DB}.Debug|Any CPU.Build.0 = Debug|Any CPU
		{967A9878-9005-C8B0-725C-1F34134168DB}.Release|Any CPU.ActiveCfg = Release|Any CPU
		{967A9878-9005-C8B0-725C-1F34134168DB}.Release|Any CPU.Build.0 = Release|Any CPU
		{E4233EA6-AC23-BEFC-B34E-DA4606BFB416}.Debug|Any CPU.ActiveCfg = Debug|Any CPU
		{E4233EA6-AC23-BEFC-B34E-DA4606BFB416}.Debug|Any CPU.Build.0 = Debug|Any CPU
		{E4233EA6-AC23-BEFC-B34E-DA4606BFB416}.Release|Any CPU.ActiveCfg = Release|Any CPU
		{E4233EA6-AC23-BEFC-B34E-DA4606BFB416}.Release|Any CPU.Build.0 = Release|Any CPU
		{D2EAEBA9-3664-2006-18B3-C26D2DE01333}.Debug|Any CPU.ActiveCfg = Debug|Any CPU
		{D2EAEBA9-3664-2006-18B3-C26D2DE01333}.Debug|Any CPU.Build.0 = Debug|Any CPU
		{D2EAEBA9-3664-2006-18B3-C26D2DE01333}.Release|Any CPU.ActiveCfg = Release|Any CPU
		{D2EAEBA9-3664-2006-18B3-C26D2DE01333}.Release|Any CPU.Build.0 = Release|Any CPU
		{D1048E18-B5A1-246A-A4E8-F31BE9B4B914}.Debug|Any CPU.ActiveCfg = Debug|Any CPU
		{D1048E18-B5A1-246A-A4E8-F31BE9B4B914}.Debug|Any CPU.Build.0 = Debug|Any CPU
		{D1048E18-B5A1-246A-A4E8-F31BE9B4B914}.Release|Any CPU.ActiveCfg = Release|Any CPU
		{D1048E18-B5A1-246A-A4E8-F31BE9B4B914}.Release|Any CPU.Build.0 = Release|Any CPU
		{49BEAE40-F374-A67D-54C5-EBA0E38288CC}.Debug|Any CPU.ActiveCfg = Debug|Any CPU
		{49BEAE40-F374-A67D-54C5-EBA0E38288CC}.Debug|Any CPU.Build.0 = Debug|Any CPU
		{49BEAE40-F374-A67D-54C5-EBA0E38288CC}.Release|Any CPU.ActiveCfg = Release|Any CPU
		{49BEAE40-F374-A67D-54C5-EBA0E38288CC}.Release|Any CPU.Build.0 = Release|Any CPU
		{33DE8F57-8DD5-417E-D9BE-9B1F4E23E2FE}.Debug|Any CPU.ActiveCfg = Debug|Any CPU
		{33DE8F57-8DD5-417E-D9BE-9B1F4E23E2FE}.Debug|Any CPU.Build.0 = Debug|Any CPU
		{33DE8F57-8DD5-417E-D9BE-9B1F4E23E2FE}.Release|Any CPU.ActiveCfg = Release|Any CPU
		{33DE8F57-8DD5-417E-D9BE-9B1F4E23E2FE}.Release|Any CPU.Build.0 = Release|Any CPU
		{C3934E1E-0BBB-61D9-420B-6A06C0E010F6}.Debug|Any CPU.ActiveCfg = Debug|Any CPU
		{C3934E1E-0BBB-61D9-420B-6A06C0E010F6}.Debug|Any CPU.Build.0 = Debug|Any CPU
		{C3934E1E-0BBB-61D9-420B-6A06C0E010F6}.Release|Any CPU.ActiveCfg = Release|Any CPU
		{C3934E1E-0BBB-61D9-420B-6A06C0E010F6}.Release|Any CPU.Build.0 = Release|Any CPU
	EndGlobalSection
	GlobalSection(SolutionProperties) = preSolution
		HideSolutionNode = FALSE
	EndGlobalSection
	GlobalSection(NestedProjects) = preSolution
		{967A9878-9005-C8B0-725C-1F34134168DB} = {827E0CD3-B72D-47B6-A68D-7590B98EB39B}
		{984BB9B3-3FA3-BE33-9484-CAC21695A33C} = {827E0CD3-B72D-47B6-A68D-7590B98EB39B}
		{1E89987C-C454-31B9-514D-6C358C86171E} = {984BB9B3-3FA3-BE33-9484-CAC21695A33C}
		{E4233EA6-AC23-BEFC-B34E-DA4606BFB416} = {1E89987C-C454-31B9-514D-6C358C86171E}
		{47931FAB-DBE1-FD8F-0AFF-2CD4B99C52C4} = {984BB9B3-3FA3-BE33-9484-CAC21695A33C}
		{D2EAEBA9-3664-2006-18B3-C26D2DE01333} = {47931FAB-DBE1-FD8F-0AFF-2CD4B99C52C4}
		{40CB294E-2A2C-AA7D-5466-10F40F0DAD4F} = {984BB9B3-3FA3-BE33-9484-CAC21695A33C}
		{D1048E18-B5A1-246A-A4E8-F31BE9B4B914} = {40CB294E-2A2C-AA7D-5466-10F40F0DAD4F}
		{DEFE65A1-8458-5878-8323-44CF1A3176D4} = {984BB9B3-3FA3-BE33-9484-CAC21695A33C}
		{49BEAE40-F374-A67D-54C5-EBA0E38288CC} = {DEFE65A1-8458-5878-8323-44CF1A3176D4}
		{44362903-C8A2-CA0A-C0F2-8E646E63DECD} = {984BB9B3-3FA3-BE33-9484-CAC21695A33C}
		{33DE8F57-8DD5-417E-D9BE-9B1F4E23E2FE} = {44362903-C8A2-CA0A-C0F2-8E646E63DECD}
		{A52FF9A7-1006-A729-7F26-021652E10080} = {984BB9B3-3FA3-BE33-9484-CAC21695A33C}
		{C3934E1E-0BBB-61D9-420B-6A06C0E010F6} = {A52FF9A7-1006-A729-7F26-021652E10080}
	EndGlobalSection
	GlobalSection(ExtensibilityGlobals) = postSolution
		SolutionGuid = {F1B3485C-C7A1-488A-8D0E-6EBF6778DF80}
	EndGlobalSection
EndGlobal
